# This file is automatically @generated by pesde.
# It is not intended for manual editing.
format = 2
name = "wobotomite/game_template"
version = "0.1.0"
target = "roblox"

[graph."0x5eal/unzip@0.2.1 luau".pkg_ref]
ref_ty = "pesde"
index_url = "https://github.com/pesde-pkg/index"

[graph."0x5eal/unzip@0.2.1 luau".pkg_ref.dependencies]
asciitable = [{ name = "kimpure/asciitable", version = "^0.3.8", index = "https://github.com/pesde-pkg/index" }, "dev"]
dirs = [{ name = "jiwonz/dirs", version = "^0.6.0", index = "https://github.com/pesde-pkg/index", target = "lune" }, "dev"]
frktest = [{ name = "itsfrank/frktest", version = "^0.0.4", index = "https://github.com/pesde-pkg/index" }, "dev"]
luau-lsp = [{ name = "pesde/luau_lsp", version = "=1.66.1", index = "https://github.com/pesde-pkg/index", target = "lune" }, "dev"]
stylua = [{ name = "pesde/stylua", version = "=2.4.1", index = "https://github.com/pesde-pkg/index", target = "lune" }, "dev"]

[graph."jiwonz/dirs@0.6.0 lune".dependencies]
greentea = ["jiwonz/greentea_luau@0.2.0 luau", "standard"]
pathfs = ["jiwonz/pathfs@0.6.0 lune", "standard"]

[graph."jiwonz/dirs@0.6.0 lune".pkg_ref]
ref_ty = "pesde"
index_url = "https://github.com/pesde-pkg/index"

[graph."jiwonz/dirs@0.6.0 lune".pkg_ref.dependencies]
greentea = [{ name = "jiwonz/greentea_luau", version = "^0.2.0", index = "https://github.com/pesde-pkg/index", target = "luau" }, "standard"]
pathfs = [{ name = "jiwonz/pathfs", version = "^0.6.0", index = "https://github.com/pesde-pkg/index" }, "standard"]

[graph."jiwonz/greentea_luau@0.2.0 luau".pkg_ref]
ref_ty = "pesde"
index_url = "https://github.com/pesde-pkg/index"

[graph."jiwonz/luau_disk@0.2.0 luau".pkg_ref]
ref_ty = "pesde"
index_url = "https://github.com/pesde-pkg/index"

[graph."jiwonz/luau_path@0.2.0 luau".dependencies]
luau_disk = ["jiwonz/luau_disk@0.2.0 luau", "standard"]

[graph."jiwonz/luau_path@0.2.0 luau".pkg_ref]
ref_ty = "pesde"
index_url = "https://github.com/pesde-pkg/index"

[graph."jiwonz/luau_path@0.2.0 luau".pkg_ref.dependencies]
luau_disk = [{ name = "jiwonz/luau_disk", version = "^0.2.0", index = "https://github.com/pesde-pkg/index" }, "standard"]

[graph."jiwonz/pathfs@0.6.0 lune".dependencies]
greentea = ["jiwonz/greentea_luau@0.2.0 luau", "standard"]
luau_path = ["jiwonz/luau_path@0.2.0 luau", "standard"]

[graph."jiwonz/pathfs@0.6.0 lune".pkg_ref]
ref_ty = "pesde"
index_url = "https://github.com/pesde-pkg/index"

[graph."jiwonz/pathfs@0.6.0 lune".pkg_ref.dependencies]
frktest = [{ name = "itsfrank/frktest", version = "^0.0.4", index = "https://github.com/pesde-pkg/index", target = "luau" }, "dev"]
greentea = [{ name = "jiwonz/greentea_luau", version = "^0.2.0", index = "https://github.com/pesde-pkg/index", target = "luau" }, "standard"]
luau_path = [{ name = "jiwonz/luau_path", version = "^0.2.0", index = "https://github.com/pesde-pkg/index", target = "luau" }, "standard"]

[graph."lukadev_0/option@1.2.1 lune".pkg_ref]
ref_ty = "pesde"
index_url = "https://github.com/pesde-pkg/index"

[graph."lukadev_0/result@1.2.1 lune".pkg_ref]
ref_ty = "pesde"
index_url = "https://github.com/pesde-pkg/index"

[graph."pesde/rojo@7.7.0 lune"]
direct = ["rojo", { name = "pesde/rojo", version = "^7.5.1", index = "default", target = "lune" }, "dev"]

[graph."pesde/rojo@7.7.0 lune".dependencies]
option = ["lukadev_0/option@1.2.1 lune", "standard"]
result = ["lukadev_0/result@1.2.1 lune", "standard"]
toolchainlib = ["pesde/toolchainlib@0.2.2 lune", "standard"]

[graph."pesde/rojo@7.7.0 lune".pkg_ref]
ref_ty = "pesde"
index_url = "https://github.com/pesde-pkg/index"

[graph."pesde/rojo@7.7.0 lune".pkg_ref.dependencies]
option = [{ name = "lukadev_0/option", version = "^1.2.1", index = "https://github.com/pesde-pkg/index" }, "standard"]
result = [{ name = "lukadev_0/result", version = "^1.2.1", index = "https://github.com/pesde-pkg/index" }, "standard"]
toolchainlib = [{ name = "pesde/toolchainlib", version = "^0.2.2", index = "https://github.com/pesde-pkg/index", target = "lune" }, "standard"]

[graph."pesde/scripts_core@0.2.0 lune".pkg_ref]
ref_ty = "pesde"
index_url = "https://github.com/pesde-pkg/index"

[graph."pesde/scripts_core@0.2.0 lune".pkg_ref.dependencies]
argon = [{ name = "pesde/argon", version = "^2.0.26", index = "https://github.com/pesde-pkg/index" }, "dev"]
frktest = [{ name = "itsfrank/frktest", version = "^0.0.4", index = "https://github.com/pesde-pkg/index", target = "luau" }, "dev"]
luau-lsp = [{ name = "pesde/luau_lsp", version = "^1.53.5", index = "https://github.com/pesde-pkg/index" }, "dev"]
pathfs = [{ name = "jiwonz/pathfs", version = "^0.6.0", index = "https://github.com/pesde-pkg/index" }, "dev"]
rojo = [{ name = "pesde/rojo", version = "^7.5.1", index = "https://github.com/pesde-pkg/index" }, "dev"]
stylua = [{ name = "pesde/stylua", version = "^2.2.0", index = "https://github.com/pesde-pkg/index" }, "dev"]

[graph."pesde/scripts_rojo@0.2.0 lune"]
direct = ["scripts", { name = "pesde/scripts_rojo", version = "^0.2.0", index = "default", target = "lune" }, "dev"]

[graph."pesde/scripts_rojo@0.2.0 lune".dependencies]
rojo = ["pesde/rojo@7.7.0 lune", "peer"]
scripts_core = ["pesde/scripts_core@0.2.0 lune", "standard"]

[graph."pesde/scripts_rojo@0.2.0 lune".pkg_ref]
ref_ty = "pesde"
index_url = "https://github.com/pesde-pkg/index"

[graph."pesde/scripts_rojo@0.2.0 lune".pkg_ref.dependencies]
rojo = [{ name = "pesde/rojo", version = "^7.5.1", index = "https://github.com/pesde-pkg/index" }, "peer"]
scripts_core = [{ name = "pesde/scripts_core", version = "^0.2.0", index = "https://github.com/pesde-pkg/index", target = "lune" }, "standard"]

[graph."pesde/toolchainlib@0.2.2 lune".dependencies]
dirs = ["jiwonz/dirs@0.6.0 lune", "standard"]
option = ["lukadev_0/option@1.2.1 lune", "peer"]
pathfs = ["jiwonz/pathfs@0.6.0 lune", "standard"]
result = ["lukadev_0/result@1.2.1 lune", "peer"]
unzip = ["0x5eal/unzip@0.2.1 luau", "standard"]

[graph."pesde/toolchainlib@0.2.2 lune".pkg_ref]
ref_ty = "pesde"
index_url = "https://github.com/pesde-pkg/index"

[graph."pesde/toolchainlib@0.2.2 lune".pkg_ref.dependencies]
dirs = [{ name = "jiwonz/dirs", version = "^0.6.0", index = "https://github.com/pesde-pkg/index" }, "standard"]
option = [{ name = "lukadev_0/option", version = "^1.2.1", index = "https://github.com/pesde-pkg/index" }, "peer"]
pathfs = [{ name = "jiwonz/pathfs", version = "^0.6.0", index = "https://github.com/pesde-pkg/index" }, "standard"]
result = [{ name = "lukadev_0/result", version = "^1.2.1", index = "https://github.com/pesde-pkg/index" }, "peer"]
unzip = [{ name = "0x5eal/unzip", version = "^0.2.0", index = "https://github.com/pesde-pkg/index", target = "luau" }, "standard"]

[graph."wobotomite/sendbufs@1.0.4 roblox"]
direct = ["sendbufs", { name = "wobotomite/sendbufs", version = "^1.0.4", index = "default" }, "standard"]

[graph."wobotomite/sendbufs@1.0.4 roblox".pkg_ref]
ref_ty = "pesde"
index_url = "https://github.com/pesde-pkg/index"

[graph."wobotomite/sendbufs@1.0.4 roblox".pkg_ref.dependencies]
rojo = [{ name = "pesde/rojo", version = "^7.5.1", index = "https://github.com/pesde-pkg/index", target = "lune" }, "dev"]
scripts = [{ name = "pesde/scripts_rojo", version = "^0.2.0", index = "https://github.com/pesde-pkg/index", target = "lune" }, "dev"]

[graph."wally#010devx101/lyra@0.6.3 roblox"]
direct = ["lyra", { wally = "wally#010devx101/lyra", version = "^0.6.3", index = "default" }, "standard"]

[graph."wally#010devx101/lyra@0.6.3 roblox".dependencies]
GreenTea = ["wally#corecii/greentea@0.4.11 roblox", "standard"]
Promise = ["wally#evaera/promise@4.0.0 roblox", "standard"]

[graph."wally#010devx101/lyra@0.6.3 roblox".pkg_ref]
ref_ty = "wally"
index_url = "https://github.com/UpliftGames/wally-index"

[graph."wally#010devx101/lyra@0.6.3 roblox".pkg_ref.dependencies]
GreenTea = [{ wally = "wally#corecii/greentea", version = ">=0.4.11, <0.5.0", index = "https://github.com/UpliftGames/wally-index" }, "standard"]
Jest = [{ wally = "wally#jsdotlua/jest", version = ">=3.10.0, <4.0.0", index = "https://github.com/UpliftGames/wally-index" }, "dev"]
JestGlobals = [{ wally = "wally#jsdotlua/jest-globals", version = ">=3.10.0, <4.0.0", index = "https://github.com/UpliftGames/wally-index" }, "dev"]
Promise = [{ wally = "wally#evaera/promise", version = ">=4.0.0, <5.0.0", index = "https://github.com/UpliftGames/wally-index" }, "standard"]

[graph."wally#1foreverhd/topbarplus@3.4.0 roblox"]
direct = ["topbarplus", { wally = "wally#1foreverhd/topbarplus", version = "^3.4.0", index = "default" }, "standard"]

[graph."wally#1foreverhd/topbarplus@3.4.0 roblox".pkg_ref]
ref_ty = "wally"
index_url = "https://github.com/UpliftGames/wally-index"

[graph."wally#centau/vide@0.4.1 roblox"]
direct = ["vide", { wally = "wally#centau/vide", version = "^0.4.1", index = "default" }, "standard"]

[graph."wally#centau/vide@0.4.1 roblox".pkg_ref]
ref_ty = "wally"
index_url = "https://github.com/UpliftGames/wally-index"

[graph."wally#corecii/greentea@0.4.11 roblox"]
direct = ["greentea", { wally = "wally#corecii/greentea", version = "^0.4.11", index = "default" }, "standard"]

[graph."wally#corecii/greentea@0.4.11 roblox".pkg_ref]
ref_ty = "wally"
index_url = "https://github.com/UpliftGames/wally-index"

[graph."wally#corecii/greentea@0.4.11 roblox".pkg_ref.dependencies]
_jest-roblox-shared = [{ wally = "wally#jsdotlua/jest-roblox-shared", version = ">=3.6.1-rc.2, <4.0.0", index = "https://github.com/UpliftGames/wally-index" }, "dev"]
Jest = [{ wally = "wally#jsdotlua/jest", version = ">=3.6.1-rc.2, <4.0.0", index = "https://github.com/UpliftGames/wally-index" }, "dev"]
JestGlobals = [{ wally = "wally#jsdotlua/jest-globals", version = ">=3.6.1-rc.2, <4.0.0", index = "https://github.com/UpliftGames/wally-index" }, "dev"]
RegExp = [{ wally = "wally#jsdotlua/luau-regexp", version = ">=0.2.1, <0.3.0", index = "https://github.com/UpliftGames/wally-index" }, "dev"]

[graph."wally#evaera/promise@4.0.0 roblox".pkg_ref]
ref_ty = "wally"
index_url = "https://github.com/UpliftGames/wally-index"

[graph."wally#howmanysmall/typed-promise@4.0.6 roblox"]
direct = ["typed-promise", { wally = "wally#howmanysmall/typed-promise", version = "^4.0.6", index = "default" }, "standard"]

[graph."wally#howmanysmall/typed-promise@4.0.6 roblox".dependencies]
Promise = ["wally#evaera/promise@4.0.0 roblox", "standard"]

[graph."wally#howmanysmall/typed-promise@4.0.6 roblox".pkg_ref]
ref_ty = "wally"
index_url = "https://github.com/UpliftGames/wally-index"

[graph."wally#howmanysmall/typed-promise@4.0.6 roblox".pkg_ref.dependencies]
Promise = [{ wally = "wally#evaera/promise", version = ">=4.0.0, <5.0.0", index = "https://github.com/UpliftGames/wally-index" }, "standard"]

[graph."wally#littensy/charm@0.11.0 roblox"]
direct = ["charm", { wally = "wally#littensy/charm", version = "^0.11.0", index = "default" }, "standard"]

[graph."wally#littensy/charm@0.11.0 roblox".pkg_ref]
ref_ty = "wally"
index_url = "https://github.com/UpliftGames/wally-index"

[graph."wally#littensy/charm-sync@0.4.0 roblox"]
direct = ["charm-sync", { wally = "wally#littensy/charm-sync", version = "^0.4.0", index = "default" }, "standard"]

[graph."wally#littensy/charm-sync@0.4.0 roblox".dependencies]
Charm = ["wally#littensy/charm@0.11.0 roblox", "standard"]

[graph."wally#littensy/charm-sync@0.4.0 roblox".pkg_ref]
ref_ty = "wally"
index_url = "https://github.com/UpliftGames/wally-index"

[graph."wally#littensy/charm-sync@0.4.0 roblox".pkg_ref.dependencies]
Charm = [{ wally = "wally#littensy/charm", version = ">=0.11.0, <0.12.0", index = "https://github.com/UpliftGames/wally-index" }, "standard"]

[graph."wally#littensy/ripple@0.6.0 roblox"]
direct = ["ripple", { wally = "wally#littensy/ripple", version = "^0.6.0", index = "default" }, "standard"]

[graph."wally#littensy/ripple@0.6.0 roblox".dependencies]
Promise = ["wally#evaera/promise@4.0.0 roblox", "standard"]

[graph."wally#littensy/ripple@0.6.0 roblox".pkg_ref]
ref_ty = "wally"
index_url = "https://github.com/UpliftGames/wally-index"

[graph."wally#littensy/ripple@0.6.0 roblox".pkg_ref.dependencies]
Promise = [{ wally = "wally#evaera/promise", version = ">=4.0.0, <5.0.0", index = "https://github.com/UpliftGames/wally-index" }, "standard"]
TestEZ = [{ wally = "wally#roblox/testez", version = ">=0.4.1, <0.5.0", index = "https://github.com/UpliftGames/wally-index" }, "dev"]
